
Microsoft Visual Studio Solution File, Format Version 12.00
# Visual Studio Version 16
VisualStudioVersion = 16.0.31105.61
MinimumVisualStudioVersion = 10.0.40219.1
Project("{FAE04EC0-301F-11D3-BF4B-00C04F79EFBC}") = "mvc_form_html", "mvc_form_html.csproj", "{2FA87BC4-3B62-411F-9D65-BC35CA5FDFC2}"
EndProject
Global
	GlobalSection(SolutionConfigurationPlatforms) = preSolution
		Debug|Any CPU = Debug|Any CPU
		Release|Any CPU = Release|Any CPU
	EndGlobalSection
	GlobalSection(ProjectConfigurationPlatforms) = postSolution
		{2FA87BC4-3B62-411F-9D65-BC35CA5FDFC2}.Debug|Any CPU.ActiveCfg = Debug|Any CPU
		{2FA87BC4-3B62-411F-9D65-BC35CA5FDFC2}.Debug|Any CPU.Build.0 = Debug|Any CPU
		{2FA87BC4-3B62-411F-9D65-BC35CA5FDFC2}.Release|Any CPU.ActiveCfg = Release|Any CPU
		{2FA87BC4-3B62-411F-9D65-BC35CA5FDFC2}.Release|Any CPU.Build.0 = Release|Any CPU
	EndGlobalSection
	GlobalSection(SolutionProperties) = preSolution
		HideSolutionNode = FALSE
	EndGlobalSection
	GlobalSection(ExtensibilityGlobals) = postSolution
		SolutionGuid = {634DA586-0C38-460E-8456-F572CA52DCD3}
	EndGlobalSection
EndGlobal
